// !$*UTF8*$!
{
	archiveVersion = 1;
	classes = {
	};
	objectVersion = 46;
	objects = {

/* Begin PBXBuildFile section */
		FFDCDB251B94EEF7001CA515 /* main.m in Sources */ = {isa = PBXBuildFile; fileRef = FFDCDB241B94EEF7001CA515 /* main.m */; };
		FFDCDB281B94EEF7001CA515 /* AppDelegate.m in Sources */ = {isa = PBXBuildFile; fileRef = FFDCDB271B94EEF7001CA515 /* AppDelegate.m */; };
		FFDCDB301B94EEF7001CA515 /* Images.xcassets in Resources */ = {isa = PBXBuildFile; fileRef = FFDCDB2F1B94EEF7001CA515 /* Images.xcassets */; };
		FFDCDB331B94EEF7001CA515 /* LaunchScreen.xib in Resources */ = {isa = PBXBuildFile; fileRef = FFDCDB311B94EEF7001CA515 /* LaunchScreen.xib */; };
		FFDCDB3F1B94EEF7001CA515 /* NSUserDefault_2Tests.m in Sources */ = {isa = PBXBuildFile; fileRef = FFDCDB3E1B94EEF7001CA515 /* NSUserDefault_2Tests.m */; };
		FFDCDB491B94EF42001CA515 /* Main.storyboard in Resources */ = {isa = PBXBuildFile; fileRef = FFDCDB481B94EF42001CA515 /* Main.storyboard */; };
		FFDCDB4B1B94EFA6001CA515 /* ViewController.m in Sources */ = {isa = PBXBuildFile; fileRef = FFDCDB4A1B94EFA6001CA515 /* ViewController.m */; };
		FFDCDB4F1B94EFBD001CA515 /* SignInViewController.m in Sources */ = {isa = PBXBuildFile; fileRef = FFDCDB4E1B94EFBD001CA515 /* SignInViewController.m */; };
		FFDCDB521B94EFC8001CA515 /* CreateAccountViewController.m in Sources */ = {isa = PBXBuildFile; fileRef = FFDCDB511B94EFC8001CA515 /* CreateAccountViewController.m */; };
/* End PBXBuildFile section */

/* Begin PBXContainerItemProxy section */
		FFDCDB391B94EEF7001CA515 /* PBXContainerItemProxy */ = {
			isa = PBXContainerItemProxy;
			containerPortal = FFDCDB171B94EEF7001CA515 /* Project object */;
			proxyType = 1;
			remoteGlobalIDString = FFDCDB1E1B94EEF7001CA515;
			remoteInfo = "NSUserDefault 2";
		};
/* End PBXContainerItemProxy section */

/* Begin PBXFileReference section */
		FFDCDB1F1B94EEF7001CA515 /* NSUserDefault 2.app */ = {isa = PBXFileReference; explicitFileType = wrapper.application; includeInIndex = 0; path = "NSUserDefault 2.app"; sourceTree = BUILT_PRODUCTS_DIR; };
		FFDCDB231B94EEF7001CA515 /* Info.plist */ = {isa = PBXFileReference; lastKnownFileType = text.plist.xml; path = Info.plist; sourceTree = "<group>"; };
		FFDCDB241B94EEF7001CA515 /* main.m */ = {isa = PBXFileReference; lastKnownFileType = sourcecode.c.objc; path = main.m; sourceTree = "<group>"; };
		FFDCDB261B94EEF7001CA515 /* AppDelegate.h */ = {isa = PBXFileReference; lastKnownFileType = sourcecode.c.h; path = AppDelegate.h; sourceTree = "<group>"; };
		FFDCDB271B94EEF7001CA515 /* AppDelegate.m */ = {isa = PBXFileReference; lastKnownFileType = sourcecode.c.objc; path = AppDelegate.m; sourceTree = "<group>"; };
		FFDCDB2F1B94EEF7001CA515 /* Images.xcassets */ = {isa = PBXFileReference; lastKnownFileType = folder.assetcatalog; path = Images.xcassets; sourceTree = "<group>"; };
		FFDCDB321B94EEF7001CA515 /* Base */ = {isa = PBXFileReference; lastKnownFileType = file.xib; name = Base; path = Base.lproj/LaunchScreen.xib; sourceTree = "<group>"; };
		FFDCDB381B94EEF7001CA515 /* NSUserDefault 2Tests.xctest */ = {isa = PBXFileReference; explicitFileType = wrapper.cfbundle; includeInIndex = 0; path = "NSUserDefault 2Tests.xctest"; sourceTree = BUILT_PRODUCTS_DIR; };
		FFDCDB3D1B94EEF7001CA515 /* Info.plist */ = {isa = PBXFileReference; lastKnownFileType = text.plist.xml; path = Info.plist; sourceTree = "<group>"; };
		FFDCDB3E1B94EEF7001CA515 /* NSUserDefault_2Tests.m */ = {isa = PBXFileReference; lastKnownFileType = sourcecode.c.objc; path = NSUserDefault_2Tests.m; sourceTree = "<group>"; };
		FFDCDB481B94EF42001CA515 /* Main.storyboard */ = {isa = PBXFileReference; fileEncoding = 4; lastKnownFileType = file.storyboard; path = Main.storyboard; sourceTree = "<group>"; };
		FFDCDB4A1B94EFA6001CA515 /* ViewController.m */ = {isa = PBXFileReference; fileEncoding = 4; lastKnownFileType = sourcecode.c.objc; path = ViewController.m; sourceTree = "<group>"; };
		FFDCDB4C1B94EFAF001CA515 /* ViewController.h */ = {isa = PBXFileReference; lastKnownFileType = sourcecode.c.h; path = ViewController.h; sourceTree = "<group>"; };
		FFDCDB4D1B94EFB5001CA515 /* SignInViewController.h */ = {isa = PBXFileReference; lastKnownFileType = sourcecode.c.h; path = SignInViewController.h; sourceTree = "<group>"; };
		FFDCDB4E1B94EFBD001CA515 /* SignInViewController.m */ = {isa = PBXFileReference; fileEncoding = 4; lastKnownFileType = sourcecode.c.objc; path = SignInViewController.m; sourceTree = "<group>"; };
		FFDCDB501B94EFC2001CA515 /* CreateAccountViewController.h */ = {isa = PBXFileReference; lastKnownFileType = sourcecode.c.h; path = CreateAccountViewController.h; sourceTree = "<group>"; };
		FFDCDB511B94EFC8001CA515 /* CreateAccountViewController.m */ = {isa = PBXFileReference; fileEncoding = 4; lastKnownFileType = sourcecode.c.objc; path = CreateAccountViewController.m; sourceTree = "<group>"; };
/* End PBXFileReference section */

/* Begin PBXFrameworksBuildPhase section */
		FFDCDB1C1B94EEF7001CA515 /* Frameworks */ = {
			isa = PBXFrameworksBuildPhase;
			buildActionMask = 2147483647;
			files = (
			);
			runOnlyForDeploymentPostprocessing = 0;
		};
		FFDCDB351B94EEF7001CA515 /* Frameworks */ = {
			isa = PBXFrameworksBuildPhase;
			buildActionMask = 2147483647;
			files = (
			);
			runOnlyForDeploymentPostprocessing = 0;
		};
/* End PBXFrameworksBuildPhase section */

/* Begin PBXGroup section */
		FFDCDB161B94EEF7001CA515 = {
			isa = PBXGroup;
			children = (
				FFDCDB211B94EEF7001CA515 /* NSUserDefault 2 */,
				FFDCDB3B1B94EEF7001CA515 /* NSUserDefault 2Tests */,
				FFDCDB201B94EEF7001CA515 /* Products */,
			);
			sourceTree = "<group>";
		};
		FFDCDB201B94EEF7001CA515 /* Products */ = {
			isa = PBXGroup;
			children = (
				FFDCDB1F1B94EEF7001CA515 /* NSUserDefault 2.app */,
				FFDCDB381B94EEF7001CA515 /* NSUserDefault 2Tests.xctest */,
			);
			name = Products;
			sourceTree = "<group>";
		};
		FFDCDB211B94EEF7001CA515 /* NSUserDefault 2 */ = {
			isa = PBXGroup;
			children = (
				FFDCDB261B94EEF7001CA515 /* AppDelegate.h */,
				FFDCDB271B94EEF7001CA515 /* AppDelegate.m */,
				FFDCDB4C1B94EFAF001CA515 /* ViewController.h */,
				FFDCDB4A1B94EFA6001CA515 /* ViewController.m */,
				FFDCDB511B94EFC8001CA515 /* CreateAccountViewController.m */,
				FFDCDB2F1B94EEF7001CA515 /* Images.xcassets */,
				FFDCDB4E1B94EFBD001CA515 /* SignInViewController.m */,
				FFDCDB481B94EF42001CA515 /* Main.storyboard */,
				FFDCDB501B94EFC2001CA515 /* CreateAccountViewController.h */,
				FFDCDB4D1B94EFB5001CA515 /* SignInViewController.h */,
				FFDCDB311B94EEF7001CA515 /* LaunchScreen.xib */,
				FFDCDB221B94EEF7001CA515 /* Supporting Files */,
			);
			path = "NSUserDefault 2";
			sourceTree = "<group>";
		};
		FFDCDB221B94EEF7001CA515 /* Supporting Files */ = {
			isa = PBXGroup;
			children = (
				FFDCDB231B94EEF7001CA515 /* Info.plist */,
				FFDCDB241B94EEF7001CA515 /* main.m */,
			);
			name = "Supporting Files";
			sourceTree = "<group>";
		};
		FFDCDB3B1B94EEF7001CA515 /* NSUserDefault 2Tests */ = {
			isa = PBXGroup;
			children = (
				FFDCDB3E1B94EEF7001CA515 /* NSUserDefault_2Tests.m */,
				FFDCDB3C1B94EEF7001CA515 /* Supporting Files */,
			);
			path = "NSUserDefault 2Tests";
			sourceTree = "<group>";
		};
		FFDCDB3C1B94EEF7001CA515 /* Supporting Files */ = {
			isa = PBXGroup;
			children = (
				FFDCDB3D1B94EEF7001CA515 /* Info.plist */,
			);
			name = "Supporting Files";
			sourceTree = "<group>";
		};
/* End PBXGroup section */

/* Begin PBXNativeTarget section */
		FFDCDB1E1B94EEF7001CA515 /* NSUserDefault 2 */ = {
			isa = PBXNativeTarget;
			buildConfigurationList = FFDCDB421B94EEF7001CA515 /* Build configuration list for PBXNativeTarget "NSUserDefault 2" */;
			buildPhases = (
				FFDCDB1B1B94EEF7001CA515 /* Sources */,
				FFDCDB1C1B94EEF7001CA515 /* Frameworks */,
				FFDCDB1D1B94EEF7001CA515 /* Resources */,
			);
			buildRules = (
			);
			dependencies = (
			);
			name = "NSUserDefault 2";
			productName = "NSUserDefault 2";
			productReference = FFDCDB1F1B94EEF7001CA515 /* NSUserDefault 2.app */;
			productType = "com.apple.product-type.application";
		};
		FFDCDB371B94EEF7001CA515 /* NSUserDefault 2Tests */ = {
			isa = PBXNativeTarget;
			buildConfigurationList = FFDCDB451B94EEF7001CA515 /* Build configuration list for PBXNativeTarget "NSUserDefault 2Tests" */;
			buildPhases = (
				FFDCDB341B94EEF7001CA515 /* Sources */,
				FFDCDB351B94EEF7001CA515 /* Frameworks */,
				FFDCDB361B94EEF7001CA515 /* Resources */,
			);
			buildRules = (
			);
			dependencies = (
				FFDCDB3A1B94EEF7001CA515 /* PBXTargetDependency */,
			);
			name = "NSUserDefault 2Tests";
			productName = "NSUserDefault 2Tests";
			productReference = FFDCDB381B94EEF7001CA515 /* NSUserDefault 2Tests.xctest */;
			productType = "com.apple.product-type.bundle.unit-test";
		};
/* End PBXNativeTarget section */

/* Begin PBXProject section */
		FFDCDB171B94EEF7001CA515 /* Project object */ = {
			isa = PBXProject;
			attributes = {
				LastUpgradeCheck = 0640;
				ORGANIZATIONNAME = "Adriano Falleti";
				TargetAttributes = {
					FFDCDB1E1B94EEF7001CA515 = {
						CreatedOnToolsVersion = 6.4;
					};
					FFDCDB371B94EEF7001CA515 = {
						CreatedOnToolsVersion = 6.4;
						TestTargetID = FFDCDB1E1B94EEF7001CA515;
					};
				};
			};
			buildConfigurationList = FFDCDB1A1B94EEF7001CA515 /* Build configuration list for PBXProject "NSUserDefault 2" */;
			compatibilityVersion = "Xcode 3.2";
			developmentRegion = English;
			hasScannedForEncodings = 0;
			knownRegions = (
				en,
				Base,
			);
			mainGroup = FFDCDB161B94EEF7001CA515;
			productRefGroup = FFDCDB201B94EEF7001CA515 /* Products */;
			projectDirPath = "";
			projectRoot = "";
			targets = (
				FFDCDB1E1B94EEF7001CA515 /* NSUserDefault 2 */,
				FFDCDB371B94EEF7001CA515 /* NSUserDefault 2Tests */,
			);
		};
/* End PBXProject section */

/* Begin PBXResourcesBuildPhase section */
		FFDCDB1D1B94EEF7001CA515 /* Resources */ = {
			isa = PBXResourcesBuildPhase;
			buildActionMask = 2147483647;
			files = (
				FFDCDB491B94EF42001CA515 /* Main.storyboard in Resources */,
				FFDCDB331B94EEF7001CA515 /* LaunchScreen.xib in Resources */,
				FFDCDB301B94EEF7001CA515 /* Images.xcassets in Resources */,
			);
			runOnlyForDeploymentPostprocessing = 0;
		};
		FFDCDB361B94EEF7001CA515 /* Resources */ = {
			isa = PBXResourcesBuildPhase;
			buildActionMask = 2147483647;
			files = (
			);
			runOnlyForDeploymentPostprocessing = 0;
		};
/* End PBXResourcesBuildPhase section */

/* Begin PBXSourcesBuildPhase section */
		FFDCDB1B1B94EEF7001CA515 /* Sources */ = {
			isa = PBXSourcesBuildPhase;
			buildActionMask = 2147483647;
			files = (
				FFDCDB4F1B94EFBD001CA515 /* SignInViewController.m in Sources */,
				FFDCDB4B1B94EFA6001CA515 /* ViewController.m in Sources */,
				FFDCDB521B94EFC8001CA515 /* CreateAccountViewController.m in Sources */,
				FFDCDB281B94EEF7001CA515 /* AppDelegate.m in Sources */,
				FFDCDB251B94EEF7001CA515 /* main.m in Sources */,
			);
			runOnlyForDeploymentPostprocessing = 0;
		};
		FFDCDB341B94EEF7001CA515 /* Sources */ = {
			isa = PBXSourcesBuildPhase;
			buildActionMask = 2147483647;
			files = (
				FFDCDB3F1B94EEF7001CA515 /* NSUserDefault_2Tests.m in Sources */,
			);
			runOnlyForDeploymentPostprocessing = 0;
		};
/* End PBXSourcesBuildPhase section */

/* Begin PBXTargetDependency section */
		FFDCDB3A1B94EEF7001CA515 /* PBXTargetDependency */ = {
			isa = PBXTargetDependency;
			target = FFDCDB1E1B94EEF7001CA515 /* NSUserDefault 2 */;
			targetProxy = FFDCDB391B94EEF7001CA515 /* PBXContainerItemProxy */;
		};
/* End PBXTargetDependency section */

/* Begin PBXVariantGroup section */
		FFDCDB311B94EEF7001CA515 /* LaunchScreen.xib */ = {
			isa = PBXVariantGroup;
			children = (
				FFDCDB321B94EEF7001CA515 /* Base */,
			);
			name = LaunchScreen.xib;
			sourceTree = "<group>";
		};
/* End PBXVariantGroup section */

/* Begin XCBuildConfiguration section */
		FFDCDB401B94EEF7001CA515 /* Debug */ = {
			isa = XCBuildConfiguration;
			buildSettings = {
				ALWAYS_SEARCH_USER_PATHS = NO;
				CLANG_CXX_LANGUAGE_STANDARD = "gnu++0x";
				CLANG_CXX_LIBRARY = "libc++";
				CLANG_ENABLE_MODULES = YES;
				CLANG_ENABLE_OBJC_ARC = YES;
				CLANG_WARN_BOOL_CONVERSION = YES;
				CLANG_WARN_CONSTANT_CONVERSION = YES;
				CLANG_WARN_DIRECT_OBJC_ISA_USAGE = YES_ERROR;
				CLANG_WARN_EMPTY_BODY = YES;
				CLANG_WARN_ENUM_CONVERSION = YES;
				CLANG_WARN_INT_CONVERSION = YES;
				CLANG_WARN_OBJC_ROOT_CLASS = YES_ERROR;
				CLANG_WARN_UNREACHABLE_CODE = YES;
				CLANG_WARN__DUPLICATE_METHOD_MATCH = YES;
				"CODE_SIGN_IDENTITY[sdk=iphoneos*]" = "iPhone Developer";
				COPY_PHASE_STRIP = NO;
				DEBUG_INFORMATION_FORMAT = "dwarf-with-dsym";
				ENABLE_STRICT_OBJC_MSGSEND = YES;
				GCC_C_LANGUAGE_STANDARD = gnu99;
				GCC_DYNAMIC_NO_PIC = NO;
				GCC_NO_COMMON_BLOCKS = YES;
				GCC_OPTIMIZATION_LEVEL = 0;
				GCC_PREPROCESSOR_DEFINITIONS = (
					"DEBUG=1",
					"$(inherited)",
				);
				GCC_SYMBOLS_PRIVATE_EXTERN = NO;
				GCC_WARN_64_TO_32_BIT_CONVERSION = YES;
				GCC_WARN_ABOUT_RETURN_TYPE = YES_ERROR;
				GCC_WARN_UNDECLARED_SELECTOR = YES;
				GCC_WARN_UNINITIALIZED_AUTOS = YES_AGGRESSIVE;
				GCC_WARN_UNUSED_FUNCTION = YES;
				GCC_WARN_UNUSED_VARIABLE = YES;
				IPHONEOS_DEPLOYMENT_TARGET = 8.4;
				MTL_ENABLE_DEBUG_INFO = YES;
				ONLY_ACTIVE_ARCH = YES;
				SDKROOT = iphoneos;
			};
			name = Debug;
		};
		FFDCDB411B94EEF7001CA515 /* Release */ = {
			isa = XCBuildConfiguration;
			buildSettings = {
				ALWAYS_SEARCH_USER_PATHS = NO;
				CLANG_CXX_LANGUAGE_STANDARD = "gnu++0x";
				CLANG_CXX_LIBRARY = "libc++";
				CLANG_ENABLE_MODULES = YES;
				CLANG_ENABLE_OBJC_ARC = YES;
				CLANG_WARN_BOOL_CONVERSION = YES;
				CLANG_WARN_CONSTANT_CONVERSION = YES;
				CLANG_WARN_DIRECT_OBJC_ISA_USAGE = YES_ERROR;
				CLANG_WARN_EMPTY_BODY = YES;
				CLANG_WARN_ENUM_CONVERSION = YES;
				CLANG_WARN_INT_CONVERSION = YES;
				CLANG_WARN_OBJC_ROOT_CLASS = YES_ERROR;
				CLANG_WARN_UNREACHABLE_CODE = YES;
				CLANG_WARN__DUPLICATE_METHOD_MATCH = YES;
				"CODE_SIGN_IDENTITY[sdk=iphoneos*]" = "iPhone Developer";
				COPY_PHASE_STRIP = NO;
				DEBUG_INFORMATION_FORMAT = "dwarf-with-dsym";
				ENABLE_NS_ASSERTIONS = NO;
				ENABLE_STRICT_OBJC_MSGSEND = YES;
				GCC_C_LANGUAGE_STANDARD = gnu99;
				GCC_NO_COMMON_BLOCKS = YES;
				GCC_WARN_64_TO_32_BIT_CONVERSION = YES;
				GCC_WARN_ABOUT_RETURN_TYPE = YES_ERROR;
				GCC_WARN_UNDECLARED_SELECTOR = YES;
				GCC_WARN_UNINITIALIZED_AUTOS = YES_AGGRESSIVE;
				GCC_WARN_UNUSED_FUNCTION = YES;
				GCC_WARN_UNUSED_VARIABLE = YES;
				IPHONEOS_DEPLOYMENT_TARGET = 8.4;
				MTL_ENABLE_DEBUG_INFO = NO;
				SDKROOT = iphoneos;
				VALIDATE_PRODUCT = YES;
			};
			name = Release;
		};
		FFDCDB431B94EEF7001CA515 /* Debug */ = {
			isa = XCBuildConfiguration;
			buildSettings = {
				ASSETCATALOG_COMPILER_APPICON_NAME = AppIcon;
				INFOPLIST_FILE = "NSUserDefault 2/Info.plist";
				LD_RUNPATH_SEARCH_PATHS = "$(inherited) @executable_path/Frameworks";
				PRODUCT_NAME = "$(TARGET_NAME)";
			};
			name = Debug;
		};
		FFDCDB441B94EEF7001CA515 /* Release */ = {
			isa = XCBuildConfiguration;
			buildSettings = {
				ASSETCATALOG_COMPILER_APPICON_NAME = AppIcon;
				INFOPLIST_FILE = "NSUserDefault 2/Info.plist";
				LD_RUNPATH_SEARCH_PATHS = "$(inherited) @executable_path/Frameworks";
				PRODUCT_NAME = "$(TARGET_NAME)";
			};
			name = Release;
		};
		FFDCDB461B94EEF7001CA515 /* Debug */ = {
			isa = XCBuildConfiguration;
			buildSettings = {
				BUNDLE_LOADER = "$(TEST_HOST)";
				FRAMEWORK_SEARCH_PATHS = (
					"$(SDKROOT)/Developer/Library/Frameworks",
					"$(inherited)",
				);
				GCC_PREPROCESSOR_DEFINITIONS = (
					"DEBUG=1",
					"$(inherited)",
				);
				INFOPLIST_FILE = "NSUserDefault 2Tests/Info.plist";
				LD_RUNPATH_SEARCH_PATHS = "$(inherited) @executable_path/Frameworks @loader_path/Frameworks";
				PRODUCT_NAME = "$(TARGET_NAME)";
				TEST_HOST = "$(BUILT_PRODUCTS_DIR)/NSUserDefault 2.app/NSUserDefault 2";
			};
			name = Debug;
		};
		FFDCDB471B94EEF7001CA515 /* Release */ = {
			isa = XCBuildConfiguration;
			buildSettings = {
				BUNDLE_LOADER = "$(TEST_HOST)";
				FRAMEWORK_SEARCH_PATHS = (
					"$(SDKROOT)/Developer/Library/Frameworks",
					"$(inherited)",
				);
				INFOPLIST_FILE = "NSUserDefault 2Tests/Info.plist";
				LD_RUNPATH_SEARCH_PATHS = "$(inherited) @executable_path/Frameworks @loader_path/Frameworks";
				PRODUCT_NAME = "$(TARGET_NAME)";
				TEST_HOST = "$(BUILT_PRODUCTS_DIR)/NSUserDefault 2.app/NSUserDefault 2";
			};
			name = Release;
		};
/* End XCBuildConfiguration section */

/* Begin XCConfigurationList section */
		FFDCDB1A1B94EEF7001CA515 /* Build configuration list for PBXProject "NSUserDefault 2" */ = {
			isa = XCConfigurationList;
			buildConfigurations = (
				FFDCDB401B94EEF7001CA515 /* Debug */,
				FFDCDB411B94EEF7001CA515 /* Release */,
			);
			defaultConfigurationIsVisible = 0;
			defaultConfigurationName = Release;
		};
		FFDCDB421B94EEF7001CA515 /* Build configuration list for PBXNativeTarget "NSUserDefault 2" */ = {
			isa = XCConfigurationList;
			buildConfigurations = (
				FFDCDB431B94EEF7001CA515 /* Debug */,
				FFDCDB441B94EEF7001CA515 /* Release */,
			);
			defaultConfigurationIsVisible = 0;
		};
		FFDCDB451B94EEF7001CA515 /* Build configuration list for PBXNativeTarget "NSUserDefault 2Tests" */ = {
			isa = XCConfigurationList;
			buildConfigurations = (
				FFDCDB461B94EEF7001CA515 /* Debug */,
				FFDCDB471B94EEF7001CA515 /* Release */,
			);
			defaultConfigurationIsVisible = 0;
		};
/* End XCConfigurationList section */
	};
	rootObject = FFDCDB171B94EEF7001CA515 /* Project object */;
}
